{
    "_readme": [
        "This file locks the dependencies of your project to a known state",
        "Read more about it at https://getcomposer.org/doc/01-basic-usage.md#composer-lock-the-lock-file",
        "This file is @generated automatically"
    ],
    "hash": "328560ccf30857401556cbe5c520b72a",
    "content-hash": "6f173f40b63dea068a0385c0f50ae0be",
    "packages": [
        {
            "name": "ma-ve/uptimerobot",
            "version": "1.0.1",
            "source": {
                "type": "git",
                "url": "https://github.com/Ma-ve/UptimeRobot.git",
                "reference": "f9688e5eb7b2fc28f4f2074dd28676e15c18c58c"
            },
            "dist": {
                "type": "zip",
                "url": "https://api.github.com/repos/Ma-ve/UptimeRobot/zipball/f9688e5eb7b2fc28f4f2074dd28676e15c18c58c",
                "reference": "f9688e5eb7b2fc28f4f2074dd28676e15c18c58c",
                "shasum": ""
            },
            "require-dev": {
                "phpunit/phpunit": "4.0.*"
            },
            "type": "library",
            "autoload": {
                "psr-4": {
                    "Mave\\UptimeRobot\\": "src"
                }
            },
            "notification-url": "https://packagist.org/downloads/",
            "license": [
                "MIT"
            ],
            "authors": [
                {
                    "name": "Wesley Buurke",
                    "email": "info@wesleybuurke.nl"
                }
            ],
            "description": "API wrapper for UptimeRobot API v1",
            "keywords": [
                "uptimerobot"
            ],
            "time": "2016-05-17 14:04:16"
        }
    ],
    "packages-dev": [],
    "aliases": [],
    "minimum-stability": "stable",
    "stability-flags": [],
    "prefer-stable": false,
    "prefer-lowest": false,
    "platform": [],
    "platform-dev": []
}
